
Microsoft Visual Studio Solution File, Format Version 12.00
# Visual Studio Version 17
VisualStudioVersion = 17.5.002.0
MinimumVisualStudioVersion = 10.0.40219.1
Project("{9A19103F-16F7-4668-BE54-9A1E7A4F7556}") = "POO_Interface_Coder", "POO_Interface_Coder.csproj", "{D919E816-C156-423C-816F-31C6F3F9F88D}"
EndProject
Global
	GlobalSection(SolutionConfigurationPlatforms) = preSolution
		Debug|Any CPU = Debug|Any CPU
		Release|Any CPU = Release|Any CPU
	EndGlobalSection
	GlobalSection(ProjectConfigurationPlatforms) = postSolution
		{D919E816-C156-423C-816F-31C6F3F9F88D}.Debug|Any CPU.ActiveCfg = Debug|Any CPU
		{D919E816-C156-423C-816F-31C6F3F9F88D}.Debug|Any CPU.Build.0 = Debug|Any CPU
		{D919E816-C156-423C-816F-31C6F3F9F88D}.Release|Any CPU.ActiveCfg = Release|Any CPU
		{D919E816-C156-423C-816F-31C6F3F9F88D}.Release|Any CPU.Build.0 = Release|Any CPU
	EndGlobalSection
	GlobalSection(SolutionProperties) = preSolution
		HideSolutionNode = FALSE
	EndGlobalSection
	GlobalSection(ExtensibilityGlobals) = postSolution
		SolutionGuid = {FE0B7483-10CD-4426-8D11-CEC458D458F8}
	EndGlobalSection
EndGlobal
